
Microsoft Visual Studio Solution File, Format Version 12.00
# Visual Studio Version 17
VisualStudioVersion = 17.14.36414.22 d17.14
MinimumVisualStudioVersion = 10.0.40219.1
Project("{FAE04EC0-301F-11D3-BF4B-00C04F79EFBC}") = "GruppArbete", "GruppArbete.csproj", "{51517A8D-C29C-F741-6DC6-B687F1C8A32D}"
EndProject
Global
	GlobalSection(SolutionConfigurationPlatforms) = preSolution
		Debug|Any CPU = Debug|Any CPU
		Release|Any CPU = Release|Any CPU
	EndGlobalSection
	GlobalSection(ProjectConfigurationPlatforms) = postSolution
		{51517A8D-C29C-F741-6DC6-B687F1C8A32D}.Debug|Any CPU.ActiveCfg = Debug|Any CPU
		{51517A8D-C29C-F741-6DC6-B687F1C8A32D}.Debug|Any CPU.Build.0 = Debug|Any CPU
		{51517A8D-C29C-F741-6DC6-B687F1C8A32D}.Release|Any CPU.ActiveCfg = Release|Any CPU
		{51517A8D-C29C-F741-6DC6-B687F1C8A32D}.Release|Any CPU.Build.0 = Release|Any CPU
	EndGlobalSection
	GlobalSection(SolutionProperties) = preSolution
		HideSolutionNode = FALSE
	EndGlobalSection
	GlobalSection(ExtensibilityGlobals) = postSolution
		SolutionGuid = {5A21C8D7-45E8-4E4C-A543-A6A66318451A}
	EndGlobalSection
EndGlobal
